
Microsoft Visual Studio Solution File, Format Version 12.00
# Visual Studio Version 17
VisualStudioVersion = 17.0.32002.185
MinimumVisualStudioVersion = 10.0.40219.1
Project("{9A19103F-16F7-4668-BE54-9A1E7A4F7556}") = "Entities", "Entities\Entities.csproj", "{7B4B6BF6-E2FA-4337-A15E-E3C2AAB939F8}"
EndProject
Project("{9A19103F-16F7-4668-BE54-9A1E7A4F7556}") = "DataAccess", "DataAccess\DataAccess.csproj", "{831CBAAD-77EB-4BBD-8CD8-E49FDF9827A7}"
EndProject
Project("{9A19103F-16F7-4668-BE54-9A1E7A4F7556}") = "Business", "Business\Business.csproj", "{6FDBD4A6-3AD5-4F1E-A635-D8836494912D}"
EndProject
Project("{9A19103F-16F7-4668-BE54-9A1E7A4F7556}") = "ConsoleUI", "ConsoleUI\ConsoleUI.csproj", "{FD17ADA0-7657-4BDA-B3AD-ACD0DDED875E}"
EndProject
Project("{9A19103F-16F7-4668-BE54-9A1E7A4F7556}") = "Core", "Core\Core.csproj", "{A5488420-7F3A-46C4-9A92-8A55DC945CBF}"
EndProject
Project("{FAE04EC0-301F-11D3-BF4B-00C04F79EFBC}") = "WebAPI", "WebAPI\WebAPI.csproj", "{4E6A786B-FBD0-4AD3-B627-B9F6C0184B68}"
EndProject
Global
	GlobalSection(SolutionConfigurationPlatforms) = preSolution
		Debug|Any CPU = Debug|Any CPU
		Release|Any CPU = Release|Any CPU
	EndGlobalSection
	GlobalSection(ProjectConfigurationPlatforms) = postSolution
		{7B4B6BF6-E2FA-4337-A15E-E3C2AAB939F8}.Debug|Any CPU.ActiveCfg = Debug|Any CPU
		{7B4B6BF6-E2FA-4337-A15E-E3C2AAB939F8}.Debug|Any CPU.Build.0 = Debug|Any CPU
		{7B4B6BF6-E2FA-4337-A15E-E3C2AAB939F8}.Release|Any CPU.ActiveCfg = Release|Any CPU
		{7B4B6BF6-E2FA-4337-A15E-E3C2AAB939F8}.Release|Any CPU.Build.0 = Release|Any CPU
		{831CBAAD-77EB-4BBD-8CD8-E49FDF9827A7}.Debug|Any CPU.ActiveCfg = Debug|Any CPU
		{831CBAAD-77EB-4BBD-8CD8-E49FDF9827A7}.Debug|Any CPU.Build.0 = Debug|Any CPU
		{831CBAAD-77EB-4BBD-8CD8-E49FDF9827A7}.Release|Any CPU.ActiveCfg = Release|Any CPU
		{831CBAAD-77EB-4BBD-8CD8-E49FDF9827A7}.Release|Any CPU.Build.0 = Release|Any CPU
		{6FDBD4A6-3AD5-4F1E-A635-D8836494912D}.Debug|Any CPU.ActiveCfg = Debug|Any CPU
		{6FDBD4A6-3AD5-4F1E-A635-D8836494912D}.Debug|Any CPU.Build.0 = Debug|Any CPU
		{6FDBD4A6-3AD5-4F1E-A635-D8836494912D}.Release|Any CPU.ActiveCfg = Release|Any CPU
		{6FDBD4A6-3AD5-4F1E-A635-D8836494912D}.Release|Any CPU.Build.0 = Release|Any CPU
		{FD17ADA0-7657-4BDA-B3AD-ACD0DDED875E}.Debug|Any CPU.ActiveCfg = Debug|Any CPU
		{FD17ADA0-7657-4BDA-B3AD-ACD0DDED875E}.Debug|Any CPU.Build.0 = Debug|Any CPU
		{FD17ADA0-7657-4BDA-B3AD-ACD0DDED875E}.Release|Any CPU.ActiveCfg = Release|Any CPU
		{FD17ADA0-7657-4BDA-B3AD-ACD0DDED875E}.Release|Any CPU.Build.0 = Release|Any CPU
		{A5488420-7F3A-46C4-9A92-8A55DC945CBF}.Debug|Any CPU.ActiveCfg = Debug|Any CPU
		{A5488420-7F3A-46C4-9A92-8A55DC945CBF}.Debug|Any CPU.Build.0 = Debug|Any CPU
		{A5488420-7F3A-46C4-9A92-8A55DC945CBF}.Release|Any CPU.ActiveCfg = Release|Any CPU
		{A5488420-7F3A-46C4-9A92-8A55DC945CBF}.Release|Any CPU.Build.0 = Release|Any CPU
		{4E6A786B-FBD0-4AD3-B627-B9F6C0184B68}.Debug|Any CPU.ActiveCfg = Debug|Any CPU
		{4E6A786B-FBD0-4AD3-B627-B9F6C0184B68}.Debug|Any CPU.Build.0 = Debug|Any CPU
		{4E6A786B-FBD0-4AD3-B627-B9F6C0184B68}.Release|Any CPU.ActiveCfg = Release|Any CPU
		{4E6A786B-FBD0-4AD3-B627-B9F6C0184B68}.Release|Any CPU.Build.0 = Release|Any CPU
	EndGlobalSection
	GlobalSection(SolutionProperties) = preSolution
		HideSolutionNode = FALSE
	EndGlobalSection
	GlobalSection(ExtensibilityGlobals) = postSolution
		SolutionGuid = {A3D9B7AF-EA88-4665-ABCB-8A1AC558AA5D}
	EndGlobalSection
EndGlobal
